
Microsoft Visual Studio Solution File, Format Version 12.00
# Visual Studio 15
VisualStudioVersion = 15.0.28307.902
MinimumVisualStudioVersion = 10.0.40219.1
Project("{FAE04EC0-301F-11D3-BF4B-00C04F79EFBC}") = "ProjetInterfaceImages", "ProjetInterfaceImages\ProjetInterfaceImages.csproj", "{6ADD6289-8729-4B8B-8663-1E95E0E6369D}"
EndProject
Global
	GlobalSection(SolutionConfigurationPlatforms) = preSolution
		Debug|Any CPU = Debug|Any CPU
		Release|Any CPU = Release|Any CPU
	EndGlobalSection
	GlobalSection(ProjectConfigurationPlatforms) = postSolution
		{6ADD6289-8729-4B8B-8663-1E95E0E6369D}.Debug|Any CPU.ActiveCfg = Debug|Any CPU
		{6ADD6289-8729-4B8B-8663-1E95E0E6369D}.Debug|Any CPU.Build.0 = Debug|Any CPU
		{6ADD6289-8729-4B8B-8663-1E95E0E6369D}.Release|Any CPU.ActiveCfg = Release|Any CPU
		{6ADD6289-8729-4B8B-8663-1E95E0E6369D}.Release|Any CPU.Build.0 = Release|Any CPU
	EndGlobalSection
	GlobalSection(SolutionProperties) = preSolution
		HideSolutionNode = FALSE
	EndGlobalSection
	GlobalSection(ExtensibilityGlobals) = postSolution
		SolutionGuid = {9755107E-C58A-484E-BB6E-BF7A83CD85A3}
	EndGlobalSection
EndGlobal
